
Microsoft Visual Studio Solution File, Format Version 12.00
# Visual Studio Version 17
VisualStudioVersion = 17.0.31903.59
MinimumVisualStudioVersion = 10.0.40219.1
Project("{FAE04EC0-301F-11D3-BF4B-00C04F79EFBC}") = "DocumentIA.Functions", "DocumentIA.Functions\DocumentIA.Functions.csproj", "{0D032205-58FE-40B9-B788-F7146EDC2763}"
EndProject
Project("{FAE04EC0-301F-11D3-BF4B-00C04F79EFBC}") = "DocumentIA.Core", "DocumentIA.Core\DocumentIA.Core.csproj", "{4D9B5D62-4831-470C-80E5-627D8D75CE8F}"
EndProject
Project("{FAE04EC0-301F-11D3-BF4B-00C04F79EFBC}") = "DocumentIA.Plugins", "DocumentIA.Plugins\DocumentIA.Plugins.csproj", "{F4CCD2E6-2E1F-4956-90D7-3E0D00223A0E}"
EndProject
Project("{FAE04EC0-301F-11D3-BF4B-00C04F79EFBC}") = "DocumentIA.Data", "DocumentIA.Data\DocumentIA.Data.csproj", "{A79AD004-6235-4CA9-8777-546A742E7C0B}"
EndProject
Project("{FAE04EC0-301F-11D3-BF4B-00C04F79EFBC}") = "DocumentIA.Tests.Unit", "DocumentIA.Tests.Unit\DocumentIA.Tests.Unit.csproj", "{143480EC-F1C7-4A68-8669-B8A06CC6116B}"
EndProject
Project("{FAE04EC0-301F-11D3-BF4B-00C04F79EFBC}") = "DocumentIA.Admin", "..\frontend\DocumentIA.Admin\DocumentIA.Admin.csproj", "{948BEAB8-1723-4C3F-892D-5721F6657910}"
EndProject
Project("{FAE04EC0-301F-11D3-BF4B-00C04F79EFBC}") = "DocumentIA.AssetResolver", "..\plugins\DocumentIA.AssetResolver\DocumentIA.AssetResolver.csproj", "{F20AF114-6757-46E7-A378-F529981C79C2}"
EndProject
Project("{FAE04EC0-301F-11D3-BF4B-00C04F79EFBC}") = "DocumentIA.Tests.Admin", "DocumentIA.Tests.Admin\DocumentIA.Tests.Admin.csproj", "{DA34B607-1E86-4FBF-89E2-696F8286B74A}"
EndProject
Project("{FAE04EC0-301F-11D3-BF4B-00C04F79EFBC}") = "DocumentIA.Tests.E2E", "DocumentIA.Tests.E2E\DocumentIA.Tests.E2E.csproj", "{633A0BCE-09A5-4F71-B12A-D819DA7D9D04}"
EndProject
Global
	GlobalSection(SolutionConfigurationPlatforms) = preSolution
		Debug|Any CPU = Debug|Any CPU
		Debug|x64 = Debug|x64
		Debug|x86 = Debug|x86
		Release|Any CPU = Release|Any CPU
		Release|x64 = Release|x64
		Release|x86 = Release|x86
	EndGlobalSection
	GlobalSection(ProjectConfigurationPlatforms) = postSolution
		{0D032205-58FE-40B9-B788-F7146EDC2763}.Debug|Any CPU.ActiveCfg = Debug|Any CPU
		{0D032205-58FE-40B9-B788-F7146EDC2763}.Debug|Any CPU.Build.0 = Debug|Any CPU
		{0D032205-58FE-40B9-B788-F7146EDC2763}.Debug|x64.ActiveCfg = Debug|Any CPU
		{0D032205-58FE-40B9-B788-F7146EDC2763}.Debug|x64.Build.0 = Debug|Any CPU
		{0D032205-58FE-40B9-B788-F7146EDC2763}.Debug|x86.ActiveCfg = Debug|Any CPU
		{0D032205-58FE-40B9-B788-F7146EDC2763}.Debug|x86.Build.0 = Debug|Any CPU
		{0D032205-58FE-40B9-B788-F7146EDC2763}.Release|Any CPU.ActiveCfg = Release|Any CPU
		{0D032205-58FE-40B9-B788-F7146EDC2763}.Release|Any CPU.Build.0 = Release|Any CPU
		{0D032205-58FE-40B9-B788-F7146EDC2763}.Release|x64.ActiveCfg = Release|Any CPU
		{0D032205-58FE-40B9-B788-F7146EDC2763}.Release|x64.Build.0 = Release|Any CPU
		{0D032205-58FE-40B9-B788-F7146EDC2763}.Release|x86.ActiveCfg = Release|Any CPU
		{0D032205-58FE-40B9-B788-F7146EDC2763}.Release|x86.Build.0 = Release|Any CPU
		{4D9B5D62-4831-470C-80E5-627D8D75CE8F}.Debug|Any CPU.ActiveCfg = Debug|Any CPU
		{4D9B5D62-4831-470C-80E5-627D8D75CE8F}.Debug|Any CPU.Build.0 = Debug|Any CPU
		{4D9B5D62-4831-470C-80E5-627D8D75CE8F}.Debug|x64.ActiveCfg = Debug|Any CPU
		{4D9B5D62-4831-470C-80E5-627D8D75CE8F}.Debug|x64.Build.0 = Debug|Any CPU
		{4D9B5D62-4831-470C-80E5-627D8D75CE8F}.Debug|x86.ActiveCfg = Debug|Any CPU
		{4D9B5D62-4831-470C-80E5-627D8D75CE8F}.Debug|x86.Build.0 = Debug|Any CPU
		{4D9B5D62-4831-470C-80E5-627D8D75CE8F}.Release|Any CPU.ActiveCfg = Release|Any CPU
		{4D9B5D62-4831-470C-80E5-627D8D75CE8F}.Release|Any CPU.Build.0 = Release|Any CPU
		{4D9B5D62-4831-470C-80E5-627D8D75CE8F}.Release|x64.ActiveCfg = Release|Any CPU
		{4D9B5D62-4831-470C-80E5-627D8D75CE8F}.Release|x64.Build.0 = Release|Any CPU
		{4D9B5D62-4831-470C-80E5-627D8D75CE8F}.Release|x86.ActiveCfg = Release|Any CPU
		{4D9B5D62-4831-470C-80E5-627D8D75CE8F}.Release|x86.Build.0 = Release|Any CPU
		{F4CCD2E6-2E1F-4956-90D7-3E0D00223A0E}.Debug|Any CPU.ActiveCfg = Debug|Any CPU
		{F4CCD2E6-2E1F-4956-90D7-3E0D00223A0E}.Debug|Any CPU.Build.0 = Debug|Any CPU
		{F4CCD2E6-2E1F-4956-90D7-3E0D00223A0E}.Debug|x64.ActiveCfg = Debug|Any CPU
		{F4CCD2E6-2E1F-4956-90D7-3E0D00223A0E}.Debug|x64.Build.0 = Debug|Any CPU
		{F4CCD2E6-2E1F-4956-90D7-3E0D00223A0E}.Debug|x86.ActiveCfg = Debug|Any CPU
		{F4CCD2E6-2E1F-4956-90D7-3E0D00223A0E}.Debug|x86.Build.0 = Debug|Any CPU
		{F4CCD2E6-2E1F-4956-90D7-3E0D00223A0E}.Release|Any CPU.ActiveCfg = Release|Any CPU
		{F4CCD2E6-2E1F-4956-90D7-3E0D00223A0E}.Release|Any CPU.Build.0 = Release|Any CPU
		{F4CCD2E6-2E1F-4956-90D7-3E0D00223A0E}.Release|x64.ActiveCfg = Release|Any CPU
		{F4CCD2E6-2E1F-4956-90D7-3E0D00223A0E}.Release|x64.Build.0 = Release|Any CPU
		{F4CCD2E6-2E1F-4956-90D7-3E0D00223A0E}.Release|x86.ActiveCfg = Release|Any CPU
		{F4CCD2E6-2E1F-4956-90D7-3E0D00223A0E}.Release|x86.Build.0 = Release|Any CPU
		{A79AD004-6235-4CA9-8777-546A742E7C0B}.Debug|Any CPU.ActiveCfg = Debug|Any CPU
		{A79AD004-6235-4CA9-8777-546A742E7C0B}.Debug|Any CPU.Build.0 = Debug|Any CPU
		{A79AD004-6235-4CA9-8777-546A742E7C0B}.Debug|x64.ActiveCfg = Debug|Any CPU
		{A79AD004-6235-4CA9-8777-546A742E7C0B}.Debug|x64.Build.0 = Debug|Any CPU
		{A79AD004-6235-4CA9-8777-546A742E7C0B}.Debug|x86.ActiveCfg = Debug|Any CPU
		{A79AD004-6235-4CA9-8777-546A742E7C0B}.Debug|x86.Build.0 = Debug|Any CPU
		{A79AD004-6235-4CA9-8777-546A742E7C0B}.Release|Any CPU.ActiveCfg = Release|Any CPU
		{A79AD004-6235-4CA9-8777-546A742E7C0B}.Release|Any CPU.Build.0 = Release|Any CPU
		{A79AD004-6235-4CA9-8777-546A742E7C0B}.Release|x64.ActiveCfg = Release|Any CPU
		{A79AD004-6235-4CA9-8777-546A742E7C0B}.Release|x64.Build.0 = Release|Any CPU
		{A79AD004-6235-4CA9-8777-546A742E7C0B}.Release|x86.ActiveCfg = Release|Any CPU
		{A79AD004-6235-4CA9-8777-546A742E7C0B}.Release|x86.Build.0 = Release|Any CPU
		{143480EC-F1C7-4A68-8669-B8A06CC6116B}.Debug|Any CPU.ActiveCfg = Debug|Any CPU
		{143480EC-F1C7-4A68-8669-B8A06CC6116B}.Debug|Any CPU.Build.0 = Debug|Any CPU
		{143480EC-F1C7-4A68-8669-B8A06CC6116B}.Debug|x64.ActiveCfg = Debug|Any CPU
		{143480EC-F1C7-4A68-8669-B8A06CC6116B}.Debug|x64.Build.0 = Debug|Any CPU
		{143480EC-F1C7-4A68-8669-B8A06CC6116B}.Debug|x86.ActiveCfg = Debug|Any CPU
		{143480EC-F1C7-4A68-8669-B8A06CC6116B}.Debug|x86.Build.0 = Debug|Any CPU
		{143480EC-F1C7-4A68-8669-B8A06CC6116B}.Release|Any CPU.ActiveCfg = Release|Any CPU
		{143480EC-F1C7-4A68-8669-B8A06CC6116B}.Release|Any CPU.Build.0 = Release|Any CPU
		{143480EC-F1C7-4A68-8669-B8A06CC6116B}.Release|x64.ActiveCfg = Release|Any CPU
		{143480EC-F1C7-4A68-8669-B8A06CC6116B}.Release|x64.Build.0 = Release|Any CPU
		{143480EC-F1C7-4A68-8669-B8A06CC6116B}.Release|x86.ActiveCfg = Release|Any CPU
		{143480EC-F1C7-4A68-8669-B8A06CC6116B}.Release|x86.Build.0 = Release|Any CPU
		{948BEAB8-1723-4C3F-892D-5721F6657910}.Debug|Any CPU.ActiveCfg = Debug|Any CPU
		{948BEAB8-1723-4C3F-892D-5721F6657910}.Debug|Any CPU.Build.0 = Debug|Any CPU
		{948BEAB8-1723-4C3F-892D-5721F6657910}.Debug|x64.ActiveCfg = Debug|Any CPU
		{948BEAB8-1723-4C3F-892D-5721F6657910}.Debug|x64.Build.0 = Debug|Any CPU
		{948BEAB8-1723-4C3F-892D-5721F6657910}.Debug|x86.ActiveCfg = Debug|Any CPU
		{948BEAB8-1723-4C3F-892D-5721F6657910}.Debug|x86.Build.0 = Debug|Any CPU
		{948BEAB8-1723-4C3F-892D-5721F6657910}.Release|Any CPU.ActiveCfg = Release|Any CPU
		{948BEAB8-1723-4C3F-892D-5721F6657910}.Release|Any CPU.Build.0 = Release|Any CPU
		{948BEAB8-1723-4C3F-892D-5721F6657910}.Release|x64.ActiveCfg = Release|Any CPU
		{948BEAB8-1723-4C3F-892D-5721F6657910}.Release|x64.Build.0 = Release|Any CPU
		{948BEAB8-1723-4C3F-892D-5721F6657910}.Release|x86.ActiveCfg = Release|Any CPU
		{948BEAB8-1723-4C3F-892D-5721F6657910}.Release|x86.Build.0 = Release|Any CPU
		{F20AF114-6757-46E7-A378-F529981C79C2}.Debug|Any CPU.ActiveCfg = Debug|Any CPU
		{F20AF114-6757-46E7-A378-F529981C79C2}.Debug|Any CPU.Build.0 = Debug|Any CPU
		{F20AF114-6757-46E7-A378-F529981C79C2}.Debug|x64.ActiveCfg = Debug|Any CPU
		{F20AF114-6757-46E7-A378-F529981C79C2}.Debug|x64.Build.0 = Debug|Any CPU
		{F20AF114-6757-46E7-A378-F529981C79C2}.Debug|x86.ActiveCfg = Debug|Any CPU
		{F20AF114-6757-46E7-A378-F529981C79C2}.Debug|x86.Build.0 = Debug|Any CPU
		{F20AF114-6757-46E7-A378-F529981C79C2}.Release|Any CPU.ActiveCfg = Release|Any CPU
		{F20AF114-6757-46E7-A378-F529981C79C2}.Release|Any CPU.Build.0 = Release|Any CPU
		{F20AF114-6757-46E7-A378-F529981C79C2}.Release|x64.ActiveCfg = Release|Any CPU
		{F20AF114-6757-46E7-A378-F529981C79C2}.Release|x64.Build.0 = Release|Any CPU
		{F20AF114-6757-46E7-A378-F529981C79C2}.Release|x86.ActiveCfg = Release|Any CPU
		{F20AF114-6757-46E7-A378-F529981C79C2}.Release|x86.Build.0 = Release|Any CPU
		{DA34B607-1E86-4FBF-89E2-696F8286B74A}.Debug|Any CPU.ActiveCfg = Debug|Any CPU
		{DA34B607-1E86-4FBF-89E2-696F8286B74A}.Debug|Any CPU.Build.0 = Debug|Any CPU
		{DA34B607-1E86-4FBF-89E2-696F8286B74A}.Debug|x64.ActiveCfg = Debug|Any CPU
		{DA34B607-1E86-4FBF-89E2-696F8286B74A}.Debug|x64.Build.0 = Debug|Any CPU
		{DA34B607-1E86-4FBF-89E2-696F8286B74A}.Debug|x86.ActiveCfg = Debug|Any CPU
		{DA34B607-1E86-4FBF-89E2-696F8286B74A}.Debug|x86.Build.0 = Debug|Any CPU
		{DA34B607-1E86-4FBF-89E2-696F8286B74A}.Release|Any CPU.ActiveCfg = Release|Any CPU
		{DA34B607-1E86-4FBF-89E2-696F8286B74A}.Release|Any CPU.Build.0 = Release|Any CPU
		{DA34B607-1E86-4FBF-89E2-696F8286B74A}.Release|x64.ActiveCfg = Release|Any CPU
		{DA34B607-1E86-4FBF-89E2-696F8286B74A}.Release|x64.Build.0 = Release|Any CPU
		{DA34B607-1E86-4FBF-89E2-696F8286B74A}.Release|x86.ActiveCfg = Release|Any CPU
		{DA34B607-1E86-4FBF-89E2-696F8286B74A}.Release|x86.Build.0 = Release|Any CPU
		{633A0BCE-09A5-4F71-B12A-D819DA7D9D04}.Debug|Any CPU.ActiveCfg = Debug|Any CPU
		{633A0BCE-09A5-4F71-B12A-D819DA7D9D04}.Debug|Any CPU.Build.0 = Debug|Any CPU
		{633A0BCE-09A5-4F71-B12A-D819DA7D9D04}.Debug|x64.ActiveCfg = Debug|Any CPU
		{633A0BCE-09A5-4F71-B12A-D819DA7D9D04}.Debug|x64.Build.0 = Debug|Any CPU
		{633A0BCE-09A5-4F71-B12A-D819DA7D9D04}.Debug|x86.ActiveCfg = Debug|Any CPU
		{633A0BCE-09A5-4F71-B12A-D819DA7D9D04}.Debug|x86.Build.0 = Debug|Any CPU
		{633A0BCE-09A5-4F71-B12A-D819DA7D9D04}.Release|Any CPU.ActiveCfg = Release|Any CPU
		{633A0BCE-09A5-4F71-B12A-D819DA7D9D04}.Release|Any CPU.Build.0 = Release|Any CPU
		{633A0BCE-09A5-4F71-B12A-D819DA7D9D04}.Release|x64.ActiveCfg = Release|Any CPU
		{633A0BCE-09A5-4F71-B12A-D819DA7D9D04}.Release|x64.Build.0 = Release|Any CPU
		{633A0BCE-09A5-4F71-B12A-D819DA7D9D04}.Release|x86.ActiveCfg = Release|Any CPU
		{633A0BCE-09A5-4F71-B12A-D819DA7D9D04}.Release|x86.Build.0 = Release|Any CPU
	EndGlobalSection
	GlobalSection(SolutionProperties) = preSolution
		HideSolutionNode = FALSE
	EndGlobalSection
EndGlobal
